{
  "projects": [
    {
      "projectId": "enk3K4vZ6pmH6kVCoZJXGn",
      "version": "4.26.0",
      "dependencies": {},
      "lang": "js",
      "fileLocks": [
        {
          "assetId": "enk3K4vZ6pmH6kVCoZJXGn",
          "type": "projectCss",
          "checksum": "67c68b20701026439269d7beebecfc49"
        }
      ],
      "codegenVersion": "0.0.1"
    },
    {
      "projectId": "ohDidvG9XsCeFumugENU3J",
      "version": "6.29.0",
      "dependencies": {},
      "lang": "js",
      "fileLocks": [
        {
          "assetId": "ohDidvG9XsCeFumugENU3J",
          "type": "projectCss",
          "checksum": "ba2a60a163fca4f4d510275088a2be53"
        },
        {
          "assetId": "ohDidvG9XsCeFumugENU3J",
          "checksum": "de0a0e65174a6a185a8f822af51c6bdd",
          "type": "globalContexts"
        }
      ],
      "codegenVersion": "0.0.1"
    },
    {
      "projectId": "gmeH6XgPaBtkt51HunAo4g",
      "version": "18.14.0",
      "dependencies": {},
      "lang": "js",
      "fileLocks": [
        {
          "assetId": "gmeH6XgPaBtkt51HunAo4g",
          "type": "projectCss",
          "checksum": "1c02168c6b23256606111fdfdbb63549"
        }
      ],
      "codegenVersion": "0.0.1"
    },
    {
      "projectId": "hsyJcmBceSfPzvvXzVTuk7",
      "version": "0.2.0",
      "dependencies": {},
      "lang": "js",
      "fileLocks": [
        {
          "assetId": "hsyJcmBceSfPzvvXzVTuk7",
          "type": "projectCss",
          "checksum": "1c02168c6b23256606111fdfdbb63549"
        }
      ],
      "codegenVersion": "0.0.1"
    },
    {
      "projectId": "95cydKu4zdmeK3V4rXXSKZ",
      "version": "0.4.0",
      "dependencies": {},
      "lang": "js",
      "fileLocks": [
        {
          "assetId": "95cydKu4zdmeK3V4rXXSKZ",
          "type": "projectCss",
          "checksum": "1c02168c6b23256606111fdfdbb63549"
        }
      ],
      "codegenVersion": "0.0.1"
    },
    {
      "projectId": "bkp27JqRmBswsckuZzB2bS",
      "version": "latest",
      "dependencies": {
        "95cydKu4zdmeK3V4rXXSKZ": "0.4.0",
        "hsyJcmBceSfPzvvXzVTuk7": "0.2.0",
        "gmeH6XgPaBtkt51HunAo4g": "18.14.0",
        "ohDidvG9XsCeFumugENU3J": "6.29.0",
        "enk3K4vZ6pmH6kVCoZJXGn": "4.26.0"
      },
      "lang": "js",
      "fileLocks": [
        {
          "type": "globalVariant",
          "assetId": "f2BxFpzIBjxi",
          "checksum": "321f1188f131cf42ab8c0cb832b6c03a"
        },
        {
          "assetId": "bkp27JqRmBswsckuZzB2bS",
          "type": "projectCss",
          "checksum": "07847975fda58da0bf1931bd4328d16b"
        },
        {
          "assetId": "bkp27JqRmBswsckuZzB2bS",
          "checksum": "fad06f5b268a43d023e586d8d1368e24",
          "type": "globalContexts"
        },
        {
          "type": "renderModule",
          "assetId": "s7soua0eGeGq",
          "checksum": "e1ce96a744435a9d823632417e4bae7e"
        },
        {
          "type": "cssRules",
          "assetId": "s7soua0eGeGq",
          "checksum": "e1ce96a744435a9d823632417e4bae7e"
        },
        {
          "type": "renderModule",
          "assetId": "39O4u8s2_Cc2",
          "checksum": "8dbc6a820f76d59161e7b57ddb6a1980"
        },
        {
          "type": "cssRules",
          "assetId": "39O4u8s2_Cc2",
          "checksum": "8dbc6a820f76d59161e7b57ddb6a1980"
        },
        {
          "type": "renderModule",
          "assetId": "OrQ2dPZbDYtD",
          "checksum": "ae5435ee02b480421c3330b9a71e5919"
        },
        {
          "type": "cssRules",
          "assetId": "OrQ2dPZbDYtD",
          "checksum": "ae5435ee02b480421c3330b9a71e5919"
        },
        {
          "type": "renderModule",
          "assetId": "SLmuKUI50k0I",
          "checksum": "3a7b8632445c078c643d7be4b3ba0cca"
        },
        {
          "type": "cssRules",
          "assetId": "SLmuKUI50k0I",
          "checksum": "3a7b8632445c078c643d7be4b3ba0cca"
        },
        {
          "type": "renderModule",
          "assetId": "IxSAZB8vQStH",
          "checksum": "30f30a56b80e0adf1fd1ab68a67cf075"
        },
        {
          "type": "cssRules",
          "assetId": "IxSAZB8vQStH",
          "checksum": "30f30a56b80e0adf1fd1ab68a67cf075"
        },
        {
          "type": "renderModule",
          "assetId": "qnkCNWEuxTBy",
          "checksum": "925356d1a54c36510157355e722117a5"
        },
        {
          "type": "cssRules",
          "assetId": "qnkCNWEuxTBy",
          "checksum": "925356d1a54c36510157355e722117a5"
        },
        {
          "type": "renderModule",
          "assetId": "JP_ePra8yUgz",
          "checksum": "73578f9c836c35f70d8d5422e7404f37"
        },
        {
          "type": "cssRules",
          "assetId": "JP_ePra8yUgz",
          "checksum": "73578f9c836c35f70d8d5422e7404f37"
        },
        {
          "type": "renderModule",
          "assetId": "4AEnMfc6zlZ-",
          "checksum": "e59f3d504478335f863f325972ca59d8"
        },
        {
          "type": "cssRules",
          "assetId": "4AEnMfc6zlZ-",
          "checksum": "e59f3d504478335f863f325972ca59d8"
        },
        {
          "type": "renderModule",
          "assetId": "2JBnyQTx2lhC",
          "checksum": "236ffdbbf2a180d1d2a1d15ce5f6f79c"
        },
        {
          "type": "cssRules",
          "assetId": "2JBnyQTx2lhC",
          "checksum": "236ffdbbf2a180d1d2a1d15ce5f6f79c"
        },
        {
          "type": "renderModule",
          "assetId": "ir-e5-Mqf-lm",
          "checksum": "dc086eaedeb7ccce7b1a8675ef8b72c9"
        },
        {
          "type": "cssRules",
          "assetId": "ir-e5-Mqf-lm",
          "checksum": "dc086eaedeb7ccce7b1a8675ef8b72c9"
        },
        {
          "type": "renderModule",
          "assetId": "Vkv44vPPVBA0",
          "checksum": "703cab5896963a9d4b77f6601e68f3b9"
        },
        {
          "type": "cssRules",
          "assetId": "Vkv44vPPVBA0",
          "checksum": "703cab5896963a9d4b77f6601e68f3b9"
        },
        {
          "type": "renderModule",
          "assetId": "rCVSqNjSxDTb",
          "checksum": "3601bb8ea59de802292fe65b392e641a"
        },
        {
          "type": "cssRules",
          "assetId": "rCVSqNjSxDTb",
          "checksum": "3601bb8ea59de802292fe65b392e641a"
        },
        {
          "type": "renderModule",
          "assetId": "6YKRODrqkoTE",
          "checksum": "caaa4aae6c7e372d7d94dcf487ea4a4f"
        },
        {
          "type": "cssRules",
          "assetId": "6YKRODrqkoTE",
          "checksum": "caaa4aae6c7e372d7d94dcf487ea4a4f"
        },
        {
          "type": "renderModule",
          "assetId": "BeZWa-bNasFm",
          "checksum": "c6c450436a8e4af145f4ead4c412820b"
        },
        {
          "type": "cssRules",
          "assetId": "BeZWa-bNasFm",
          "checksum": "c6c450436a8e4af145f4ead4c412820b"
        },
        {
          "type": "renderModule",
          "assetId": "EOuYsGxeH93F",
          "checksum": "9bda6eb80c8fb6e7766bdd62b9593aca"
        },
        {
          "type": "cssRules",
          "assetId": "EOuYsGxeH93F",
          "checksum": "9bda6eb80c8fb6e7766bdd62b9593aca"
        },
        {
          "type": "renderModule",
          "assetId": "iZmS0mrjfkHL",
          "checksum": "f46840e6b7d1cdb2ce63a357c887bc9b"
        },
        {
          "type": "cssRules",
          "assetId": "iZmS0mrjfkHL",
          "checksum": "f46840e6b7d1cdb2ce63a357c887bc9b"
        },
        {
          "type": "renderModule",
          "assetId": "cqZFNolvLXtn",
          "checksum": "9ce2074a11c4f60137697fb317aaeca3"
        },
        {
          "type": "cssRules",
          "assetId": "cqZFNolvLXtn",
          "checksum": "9ce2074a11c4f60137697fb317aaeca3"
        },
        {
          "type": "renderModule",
          "assetId": "yPBAI8SPktIy",
          "checksum": "a1536cc107cd47f1a0c30fdb35dd595d"
        },
        {
          "type": "cssRules",
          "assetId": "yPBAI8SPktIy",
          "checksum": "a1536cc107cd47f1a0c30fdb35dd595d"
        },
        {
          "type": "renderModule",
          "assetId": "eeRDt0QNsYAA",
          "checksum": "efd15696cc215275809d49a683f0e744"
        },
        {
          "type": "cssRules",
          "assetId": "eeRDt0QNsYAA",
          "checksum": "efd15696cc215275809d49a683f0e744"
        },
        {
          "type": "renderModule",
          "assetId": "0HFdHK0HL4wH",
          "checksum": "975ebcfcc9f22d7521f688d4ad0e5b22"
        },
        {
          "type": "cssRules",
          "assetId": "0HFdHK0HL4wH",
          "checksum": "975ebcfcc9f22d7521f688d4ad0e5b22"
        },
        {
          "type": "renderModule",
          "assetId": "N-1eyeMl3Oib",
          "checksum": "0827825393f209322286e91898409f37"
        },
        {
          "type": "cssRules",
          "assetId": "N-1eyeMl3Oib",
          "checksum": "0827825393f209322286e91898409f37"
        },
        {
          "type": "renderModule",
          "assetId": "yfIRBnuWlm6C",
          "checksum": "a080cde7dbeb2dee64d825d8d3a1d57f"
        },
        {
          "type": "cssRules",
          "assetId": "yfIRBnuWlm6C",
          "checksum": "a080cde7dbeb2dee64d825d8d3a1d57f"
        },
        {
          "type": "renderModule",
          "assetId": "bqTYCQhIX3z3",
          "checksum": "a211e692d5dd9f69477c73c49f987ba9"
        },
        {
          "type": "cssRules",
          "assetId": "bqTYCQhIX3z3",
          "checksum": "a211e692d5dd9f69477c73c49f987ba9"
        },
        {
          "type": "renderModule",
          "assetId": "CkjDbynZySqX",
          "checksum": "091bd1929b90b48c687400d9ef3f54e4"
        },
        {
          "type": "cssRules",
          "assetId": "CkjDbynZySqX",
          "checksum": "091bd1929b90b48c687400d9ef3f54e4"
        },
        {
          "type": "renderModule",
          "assetId": "cRQT4x8sYalu",
          "checksum": "2461538c89c2a8befb48654540b9b52b"
        },
        {
          "type": "cssRules",
          "assetId": "cRQT4x8sYalu",
          "checksum": "2461538c89c2a8befb48654540b9b52b"
        },
        {
          "type": "icon",
          "assetId": "N3E-Rf6Jxwvd",
          "checksum": "e15848636913a93d7b20cbbc9473a566"
        },
        {
          "type": "icon",
          "assetId": "WYEkyglReM5R",
          "checksum": "cf4f2d103f7a26ce79a77a9c6d8e07c4"
        },
        {
          "type": "icon",
          "assetId": "l4jkMTSV037Q",
          "checksum": "ad329aa53225bdb75ac707267f1a6540"
        },
        {
          "type": "icon",
          "assetId": "XbQrY8coJcwe",
          "checksum": "a5948973a0d4efe5f2c1a4cd333e0d25"
        },
        {
          "type": "icon",
          "assetId": "o_9NZ8HwqjGX",
          "checksum": "5a1036caa25a7c1c95b7b35a54eead12"
        },
        {
          "type": "image",
          "assetId": "juRkMyOFdncv",
          "checksum": "ce83e151c371412f84ca5ed8087253a8"
        },
        {
          "type": "image",
          "assetId": "oDXaMmkhl7xK",
          "checksum": "5a6069227e7a7fa6a833ce720befe126"
        },
        {
          "type": "image",
          "assetId": "BYiXQ0M3HAV0",
          "checksum": "c9367f3c5aeafbad91e5788259154e41"
        },
        {
          "type": "image",
          "assetId": "MdSGVAwzplCV",
          "checksum": "af2e7fc5f7778f57d7f9b70b3d882dc9"
        },
        {
          "type": "image",
          "assetId": "Srt5SqtDYVY-",
          "checksum": "2aa568e01f1f7035f830fab79d667e13"
        }
      ],
      "codegenVersion": "0.0.1"
    }
  ],
  "cliVersion": "0.1.335"
}
